
Microsoft Visual Studio Solution File, Format Version 12.00
# Visual Studio Version 17
VisualStudioVersion = 17.8.34408.163
MinimumVisualStudioVersion = 10.0.40219.1
Project("{9A19103F-16F7-4668-BE54-9A1E7A4F7556}") = "TrackHub.Web", "TrackHub.API\TrackHub.Web.csproj", "{EBE16C65-D81F-4E9C-A6C1-5CF8B20CD985}"
EndProject
Project("{9A19103F-16F7-4668-BE54-9A1E7A4F7556}") = "TrackHub.CosmosDb", "TrackHub.Domain.Data\TrackHub.CosmosDb.csproj", "{E9A2B9DC-587B-484D-B1A4-A7A17DD592B1}"
EndProject
Project("{9A19103F-16F7-4668-BE54-9A1E7A4F7556}") = "TrackHub.Domain", "TrackHub.Domain\TrackHub.Domain.csproj", "{93441479-40AA-4B68-9063-177CB7443EF3}"
EndProject
Project("{9A19103F-16F7-4668-BE54-9A1E7A4F7556}") = "TrackHub.Service.Exercise", "TrackHub.ExerciseService\TrackHub.Service.Exercise.csproj", "{086095DC-7798-4BEC-90DD-FA73C141CC99}"
EndProject
Project("{9A19103F-16F7-4668-BE54-9A1E7A4F7556}") = "TrackHub.Contract", "TrackHub.Contract\TrackHub.Contract.csproj", "{6669B5C2-49B3-4829-A4B4-BEA7E73E0380}"
EndProject
Project("{FAE04EC0-301F-11D3-BF4B-00C04F79EFBC}") = "TrackHub.Service.Search", "TrackHub.SearchService\TrackHub.Service.Search.csproj", "{3FF7BD0B-F807-458A-BCDE-FF0448AC6A41}"
EndProject
Project("{FAE04EC0-301F-11D3-BF4B-00C04F79EFBC}") = "TrackHub.AI", "TrackHub.AI\TrackHub.AI.csproj", "{172F6850-FE92-4317-88E1-449B764464BC}"
EndProject
Project("{FAE04EC0-301F-11D3-BF4B-00C04F79EFBC}") = "TrackHub.Redis", "TrackHub.Redis\TrackHub.Redis.csproj", "{E25C6632-7D39-4B22-9A58-6E33FC4469C8}"
EndProject
Global
	GlobalSection(SolutionConfigurationPlatforms) = preSolution
		Debug|Any CPU = Debug|Any CPU
		Release|Any CPU = Release|Any CPU
	EndGlobalSection
	GlobalSection(ProjectConfigurationPlatforms) = postSolution
		{EBE16C65-D81F-4E9C-A6C1-5CF8B20CD985}.Debug|Any CPU.ActiveCfg = Debug|Any CPU
		{EBE16C65-D81F-4E9C-A6C1-5CF8B20CD985}.Debug|Any CPU.Build.0 = Debug|Any CPU
		{EBE16C65-D81F-4E9C-A6C1-5CF8B20CD985}.Release|Any CPU.ActiveCfg = Release|Any CPU
		{EBE16C65-D81F-4E9C-A6C1-5CF8B20CD985}.Release|Any CPU.Build.0 = Release|Any CPU
		{E9A2B9DC-587B-484D-B1A4-A7A17DD592B1}.Debug|Any CPU.ActiveCfg = Debug|Any CPU
		{E9A2B9DC-587B-484D-B1A4-A7A17DD592B1}.Debug|Any CPU.Build.0 = Debug|Any CPU
		{E9A2B9DC-587B-484D-B1A4-A7A17DD592B1}.Release|Any CPU.ActiveCfg = Release|Any CPU
		{E9A2B9DC-587B-484D-B1A4-A7A17DD592B1}.Release|Any CPU.Build.0 = Release|Any CPU
		{93441479-40AA-4B68-9063-177CB7443EF3}.Debug|Any CPU.ActiveCfg = Debug|Any CPU
		{93441479-40AA-4B68-9063-177CB7443EF3}.Debug|Any CPU.Build.0 = Debug|Any CPU
		{93441479-40AA-4B68-9063-177CB7443EF3}.Release|Any CPU.ActiveCfg = Release|Any CPU
		{93441479-40AA-4B68-9063-177CB7443EF3}.Release|Any CPU.Build.0 = Release|Any CPU
		{086095DC-7798-4BEC-90DD-FA73C141CC99}.Debug|Any CPU.ActiveCfg = Debug|Any CPU
		{086095DC-7798-4BEC-90DD-FA73C141CC99}.Debug|Any CPU.Build.0 = Debug|Any CPU
		{086095DC-7798-4BEC-90DD-FA73C141CC99}.Release|Any CPU.ActiveCfg = Release|Any CPU
		{086095DC-7798-4BEC-90DD-FA73C141CC99}.Release|Any CPU.Build.0 = Release|Any CPU
		{6669B5C2-49B3-4829-A4B4-BEA7E73E0380}.Debug|Any CPU.ActiveCfg = Debug|Any CPU
		{6669B5C2-49B3-4829-A4B4-BEA7E73E0380}.Debug|Any CPU.Build.0 = Debug|Any CPU
		{6669B5C2-49B3-4829-A4B4-BEA7E73E0380}.Release|Any CPU.ActiveCfg = Release|Any CPU
		{6669B5C2-49B3-4829-A4B4-BEA7E73E0380}.Release|Any CPU.Build.0 = Release|Any CPU
		{3FF7BD0B-F807-458A-BCDE-FF0448AC6A41}.Debug|Any CPU.ActiveCfg = Debug|Any CPU
		{3FF7BD0B-F807-458A-BCDE-FF0448AC6A41}.Debug|Any CPU.Build.0 = Debug|Any CPU
		{3FF7BD0B-F807-458A-BCDE-FF0448AC6A41}.Release|Any CPU.ActiveCfg = Release|Any CPU
		{3FF7BD0B-F807-458A-BCDE-FF0448AC6A41}.Release|Any CPU.Build.0 = Release|Any CPU
		{172F6850-FE92-4317-88E1-449B764464BC}.Debug|Any CPU.ActiveCfg = Debug|Any CPU
		{172F6850-FE92-4317-88E1-449B764464BC}.Debug|Any CPU.Build.0 = Debug|Any CPU
		{172F6850-FE92-4317-88E1-449B764464BC}.Release|Any CPU.ActiveCfg = Release|Any CPU
		{172F6850-FE92-4317-88E1-449B764464BC}.Release|Any CPU.Build.0 = Release|Any CPU
		{E25C6632-7D39-4B22-9A58-6E33FC4469C8}.Debug|Any CPU.ActiveCfg = Debug|Any CPU
		{E25C6632-7D39-4B22-9A58-6E33FC4469C8}.Debug|Any CPU.Build.0 = Debug|Any CPU
		{E25C6632-7D39-4B22-9A58-6E33FC4469C8}.Release|Any CPU.ActiveCfg = Release|Any CPU
		{E25C6632-7D39-4B22-9A58-6E33FC4469C8}.Release|Any CPU.Build.0 = Release|Any CPU
	EndGlobalSection
	GlobalSection(SolutionProperties) = preSolution
		HideSolutionNode = FALSE
	EndGlobalSection
	GlobalSection(ExtensibilityGlobals) = postSolution
		SolutionGuid = {8A3B4967-E6A5-43F8-A75A-B10E841EE80D}
	EndGlobalSection
EndGlobal
