
Microsoft Visual Studio Solution File, Format Version 12.00
# Visual Studio Version 17
VisualStudioVersion = 17.8.34408.163
MinimumVisualStudioVersion = 10.0.40219.1
Project("{9A19103F-16F7-4668-BE54-9A1E7A4F7556}") = "TrackHub.Web", "TrackHub.API\TrackHub.Web.csproj", "{EBE16C65-D81F-4E9C-A6C1-5CF8B20CD985}"
EndProject
Project("{9A19103F-16F7-4668-BE54-9A1E7A4F7556}") = "TrackHub.CosmosDb", "TrackHub.Domain.Data\TrackHub.CosmosDb.csproj", "{E9A2B9DC-587B-484D-B1A4-A7A17DD592B1}"
EndProject
Project("{9A19103F-16F7-4668-BE54-9A1E7A4F7556}") = "TrackHub.Domain", "TrackHub.Domain\TrackHub.Domain.csproj", "{93441479-40AA-4B68-9063-177CB7443EF3}"
EndProject
Project("{9A19103F-16F7-4668-BE54-9A1E7A4F7556}") = "TrackHub.Service.Search", "TrackHub.SearchService\TrackHub.Service.Search.csproj", "{3FF7BD0B-F807-458A-BCDE-FF0448AC6A41}"
EndProject
Project("{9A19103F-16F7-4668-BE54-9A1E7A4F7556}") = "TrackHub.Redis", "TrackHub.Redis\TrackHub.Redis.csproj", "{E25C6632-7D39-4B22-9A58-6E33FC4469C8}"
EndProject
Project("{9A19103F-16F7-4668-BE54-9A1E7A4F7556}") = "TrackHub.Domain.Data", "TrackHub.Domaim.Data\TrackHub.Domain.Data.csproj", "{1EA02C74-C1DD-4DB5-A820-4288E2426996}"
EndProject
Project("{9A19103F-16F7-4668-BE54-9A1E7A4F7556}") = "TrackHub.Auth.Google", "TrackHub.Auth.Google\TrackHub.Auth.Google.csproj", "{1C5DBBC0-8B2A-46B5-9196-1853F4DFD7EB}"
EndProject
Project("{9A19103F-16F7-4668-BE54-9A1E7A4F7556}") = "TrackHub.AiCrawler", "TrackHub.AI\TrackHub.AiCrawler.csproj", "{45E6E27F-43C6-4972-936D-0CF2AE60FF8C}"
EndProject
Project("{9A19103F-16F7-4668-BE54-9A1E7A4F7556}") = "TrackHub.AiCrawler.Tests", "TrackHub.Ai.Tests\TrackHub.AiCrawler.Tests.csproj", "{182C73E8-0CB2-4120-B91A-AEA22DBF57F1}"
EndProject
Project("{FAE04EC0-301F-11D3-BF4B-00C04F79EFBC}") = "TrackHub.Service", "TrackHub.Service\TrackHub.Service.csproj", "{DD34D3A1-8930-448D-B391-650CD62B1CE9}"
EndProject
Global
	GlobalSection(SolutionConfigurationPlatforms) = preSolution
		Debug|Any CPU = Debug|Any CPU
		Release|Any CPU = Release|Any CPU
	EndGlobalSection
	GlobalSection(ProjectConfigurationPlatforms) = postSolution
		{EBE16C65-D81F-4E9C-A6C1-5CF8B20CD985}.Debug|Any CPU.ActiveCfg = Debug|Any CPU
		{EBE16C65-D81F-4E9C-A6C1-5CF8B20CD985}.Debug|Any CPU.Build.0 = Debug|Any CPU
		{EBE16C65-D81F-4E9C-A6C1-5CF8B20CD985}.Release|Any CPU.ActiveCfg = Release|Any CPU
		{EBE16C65-D81F-4E9C-A6C1-5CF8B20CD985}.Release|Any CPU.Build.0 = Release|Any CPU
		{E9A2B9DC-587B-484D-B1A4-A7A17DD592B1}.Debug|Any CPU.ActiveCfg = Debug|Any CPU
		{E9A2B9DC-587B-484D-B1A4-A7A17DD592B1}.Debug|Any CPU.Build.0 = Debug|Any CPU
		{E9A2B9DC-587B-484D-B1A4-A7A17DD592B1}.Release|Any CPU.ActiveCfg = Release|Any CPU
		{E9A2B9DC-587B-484D-B1A4-A7A17DD592B1}.Release|Any CPU.Build.0 = Release|Any CPU
		{93441479-40AA-4B68-9063-177CB7443EF3}.Debug|Any CPU.ActiveCfg = Debug|Any CPU
		{93441479-40AA-4B68-9063-177CB7443EF3}.Debug|Any CPU.Build.0 = Debug|Any CPU
		{93441479-40AA-4B68-9063-177CB7443EF3}.Release|Any CPU.ActiveCfg = Release|Any CPU
		{93441479-40AA-4B68-9063-177CB7443EF3}.Release|Any CPU.Build.0 = Release|Any CPU
		{3FF7BD0B-F807-458A-BCDE-FF0448AC6A41}.Debug|Any CPU.ActiveCfg = Debug|Any CPU
		{3FF7BD0B-F807-458A-BCDE-FF0448AC6A41}.Debug|Any CPU.Build.0 = Debug|Any CPU
		{3FF7BD0B-F807-458A-BCDE-FF0448AC6A41}.Release|Any CPU.ActiveCfg = Release|Any CPU
		{3FF7BD0B-F807-458A-BCDE-FF0448AC6A41}.Release|Any CPU.Build.0 = Release|Any CPU
		{E25C6632-7D39-4B22-9A58-6E33FC4469C8}.Debug|Any CPU.ActiveCfg = Debug|Any CPU
		{E25C6632-7D39-4B22-9A58-6E33FC4469C8}.Debug|Any CPU.Build.0 = Debug|Any CPU
		{E25C6632-7D39-4B22-9A58-6E33FC4469C8}.Release|Any CPU.ActiveCfg = Release|Any CPU
		{E25C6632-7D39-4B22-9A58-6E33FC4469C8}.Release|Any CPU.Build.0 = Release|Any CPU
		{1EA02C74-C1DD-4DB5-A820-4288E2426996}.Debug|Any CPU.ActiveCfg = Debug|Any CPU
		{1EA02C74-C1DD-4DB5-A820-4288E2426996}.Debug|Any CPU.Build.0 = Debug|Any CPU
		{1EA02C74-C1DD-4DB5-A820-4288E2426996}.Release|Any CPU.ActiveCfg = Release|Any CPU
		{1EA02C74-C1DD-4DB5-A820-4288E2426996}.Release|Any CPU.Build.0 = Release|Any CPU
		{1C5DBBC0-8B2A-46B5-9196-1853F4DFD7EB}.Debug|Any CPU.ActiveCfg = Debug|Any CPU
		{1C5DBBC0-8B2A-46B5-9196-1853F4DFD7EB}.Debug|Any CPU.Build.0 = Debug|Any CPU
		{1C5DBBC0-8B2A-46B5-9196-1853F4DFD7EB}.Release|Any CPU.ActiveCfg = Release|Any CPU
		{1C5DBBC0-8B2A-46B5-9196-1853F4DFD7EB}.Release|Any CPU.Build.0 = Release|Any CPU
		{45E6E27F-43C6-4972-936D-0CF2AE60FF8C}.Debug|Any CPU.ActiveCfg = Debug|Any CPU
		{45E6E27F-43C6-4972-936D-0CF2AE60FF8C}.Debug|Any CPU.Build.0 = Debug|Any CPU
		{45E6E27F-43C6-4972-936D-0CF2AE60FF8C}.Release|Any CPU.ActiveCfg = Release|Any CPU
		{45E6E27F-43C6-4972-936D-0CF2AE60FF8C}.Release|Any CPU.Build.0 = Release|Any CPU
		{182C73E8-0CB2-4120-B91A-AEA22DBF57F1}.Debug|Any CPU.ActiveCfg = Debug|Any CPU
		{182C73E8-0CB2-4120-B91A-AEA22DBF57F1}.Debug|Any CPU.Build.0 = Debug|Any CPU
		{182C73E8-0CB2-4120-B91A-AEA22DBF57F1}.Release|Any CPU.ActiveCfg = Release|Any CPU
		{182C73E8-0CB2-4120-B91A-AEA22DBF57F1}.Release|Any CPU.Build.0 = Release|Any CPU
		{DD34D3A1-8930-448D-B391-650CD62B1CE9}.Debug|Any CPU.ActiveCfg = Debug|Any CPU
		{DD34D3A1-8930-448D-B391-650CD62B1CE9}.Debug|Any CPU.Build.0 = Debug|Any CPU
		{DD34D3A1-8930-448D-B391-650CD62B1CE9}.Release|Any CPU.ActiveCfg = Release|Any CPU
		{DD34D3A1-8930-448D-B391-650CD62B1CE9}.Release|Any CPU.Build.0 = Release|Any CPU
	EndGlobalSection
	GlobalSection(SolutionProperties) = preSolution
		HideSolutionNode = FALSE
	EndGlobalSection
	GlobalSection(ExtensibilityGlobals) = postSolution
		SolutionGuid = {8A3B4967-E6A5-43F8-A75A-B10E841EE80D}
	EndGlobalSection
EndGlobal
