
Microsoft Visual Studio Solution File, Format Version 12.00
# Visual Studio Version 16
VisualStudioVersion = 25.0.1706.13
MinimumVisualStudioVersion = 10.0.40219.1
Project("{FAE04EC0-301F-11D3-BF4B-00C04F79EFBC}") = "TrackHub.AI", "TrackHub.AI.csproj", "{803811C9-67AD-4B7C-8B1F-ECB1F897BEAA}"
EndProject
Project("{FAE04EC0-301F-11D3-BF4B-00C04F79EFBC}") = "TrackHub.Ai.Tests", "..\TrackHub.Ai.Tests\TrackHub.Ai.Tests.csproj", "{E7316938-192A-423F-902F-8474F312305A}"
EndProject
Global
	GlobalSection(SolutionConfigurationPlatforms) = preSolution
		Debug|Any CPU = Debug|Any CPU
		Release|Any CPU = Release|Any CPU
	EndGlobalSection
	GlobalSection(ProjectConfigurationPlatforms) = postSolution
		{803811C9-67AD-4B7C-8B1F-ECB1F897BEAA}.Debug|Any CPU.ActiveCfg = Debug|Any CPU
		{803811C9-67AD-4B7C-8B1F-ECB1F897BEAA}.Debug|Any CPU.Build.0 = Debug|Any CPU
		{803811C9-67AD-4B7C-8B1F-ECB1F897BEAA}.Release|Any CPU.ActiveCfg = Release|Any CPU
		{803811C9-67AD-4B7C-8B1F-ECB1F897BEAA}.Release|Any CPU.Build.0 = Release|Any CPU
		{E7316938-192A-423F-902F-8474F312305A}.Debug|Any CPU.ActiveCfg = Debug|Any CPU
		{E7316938-192A-423F-902F-8474F312305A}.Debug|Any CPU.Build.0 = Debug|Any CPU
		{E7316938-192A-423F-902F-8474F312305A}.Release|Any CPU.ActiveCfg = Release|Any CPU
		{E7316938-192A-423F-902F-8474F312305A}.Release|Any CPU.Build.0 = Release|Any CPU
	EndGlobalSection
	GlobalSection(SolutionProperties) = preSolution
		HideSolutionNode = FALSE
	EndGlobalSection
	GlobalSection(ExtensibilityGlobals) = postSolution
		SolutionGuid = {CB14B2DF-2447-4BEA-B051-E3EC0F45E081}
	EndGlobalSection
EndGlobal
