
Microsoft Visual Studio Solution File, Format Version 12.00
# Visual Studio Version 18
VisualStudioVersion = 18.3.11222.16
MinimumVisualStudioVersion = 10.0.40219.1
Project("{9A19103F-16F7-4668-BE54-9A1E7A4F7556}") = "TrackHub.Domain.Entities", "TrackHub.Domain\TrackHub.Domain.Entities.csproj", "{93441479-40AA-4B68-9063-177CB7443EF3}"
EndProject
Project("{9A19103F-16F7-4668-BE54-9A1E7A4F7556}") = "TrackHub.Service.Exercises", "TrackHub.Service\TrackHub.Service.Exercises.csproj", "{DD34D3A1-8930-448D-B391-650CD62B1CE9}"
EndProject
Project("{9A19103F-16F7-4668-BE54-9A1E7A4F7556}") = "TrackHub.Web", "TrackHub.Web\TrackHub.Web.csproj", "{40E04F02-9C27-4674-AAC3-E049C4A3AA8D}"
EndProject
Project("{9A19103F-16F7-4668-BE54-9A1E7A4F7556}") = "TrackHub.Persistence.CosmosDb", "TrackHub.Persistence\TrackHub.Persistence.CosmosDb.csproj", "{984D58BF-912F-46E2-B891-5F7369FE430E}"
EndProject
Project("{FAE04EC0-301F-11D3-BF4B-00C04F79EFBC}") = "TrackHub.Function.Aggregation", "TrackHub.Function.Aggregation\TrackHub.Function.Aggregation.csproj", "{045E907A-2385-4CA0-96C0-774A520FBEF6}"
EndProject
Project("{FAE04EC0-301F-11D3-BF4B-00C04F79EFBC}") = "TrackHub.Messaging", "TrackHub.Messaging\TrackHub.Messaging.csproj", "{FB5A4BA2-646A-485B-92D2-6CBE4BF933C2}"
EndProject
Project("{FAE04EC0-301F-11D3-BF4B-00C04F79EFBC}") = "TrackHub.Domain.Enums", "TrackHub.Domain.Enums\TrackHub.Domain.Enums.csproj", "{16E5904B-47DF-457E-B34A-08AE59064D37}"
EndProject
Project("{FAE04EC0-301F-11D3-BF4B-00C04F79EFBC}") = "TrackHub.Service.AiCrawler", "TrackHub.AiCrawler\TrackHub.Service.AiCrawler.csproj", "{DC264D8D-EB31-8C53-70DD-E85834BAFC5B}"
EndProject
Project("{FAE04EC0-301F-11D3-BF4B-00C04F79EFBC}") = "TrackHub.Service.Scraper", "TrackHub.Service.Scraper\TrackHub.Service.Scraper.csproj", "{16DFE254-8803-1B1F-1EF2-8CC1B9CC3D98}"
EndProject
Project("{2150E333-8FDC-42A3-9474-1A3956D46DE8}") = "TrackHub.Application", "TrackHub.Application", "{23CEB55C-819E-4F91-9737-BADBCD66A47F}"
EndProject
Project("{FAE04EC0-301F-11D3-BF4B-00C04F79EFBC}") = "TrackHub.Service.Preview", "TrackHub.Service.Preview\TrackHub.Service.Preview.csproj", "{C83027ED-6606-A098-8B14-DE8E45C6A993}"
EndProject
Project("{2150E333-8FDC-42A3-9474-1A3956D46DE8}") = "TrackHub.Domain", "TrackHub.Domain", "{A8DF17A6-9AA5-4DA3-A074-4B26A098E922}"
EndProject
Project("{2150E333-8FDC-42A3-9474-1A3956D46DE8}") = "TrackHub.Serverless", "TrackHub.Serverless", "{746BAD47-26FD-4512-B33D-B4433BFC334D}"
EndProject
Project("{2150E333-8FDC-42A3-9474-1A3956D46DE8}") = "TrackHub.Persistence", "TrackHub.Persistence", "{8868F6D3-0879-4CD0-B234-4ED0B4AD3D68}"
EndProject
Project("{FAE04EC0-301F-11D3-BF4B-00C04F79EFBC}") = "TrackHub.Service.User", "TrackHub.Service.User\TrackHub.Service.User.csproj", "{4B48BE3C-126D-4D7C-BA38-4F57289E8C36}"
EndProject
Project("{FAE04EC0-301F-11D3-BF4B-00C04F79EFBC}") = "TrackHub.Persistence.Sql", "TrackHub.Persistence.Sql\TrackHub.Persistence.Sql.csproj", "{0865DEED-96BB-48DD-ADE2-1262426A8CD8}"
EndProject
Project("{FAE04EC0-301F-11D3-BF4B-00C04F79EFBC}") = "TrackHub.Service.Aggregation", "TrackHub.Service.Aggregation\TrackHub.Service.Aggregation.csproj", "{D0B4E5A6-428C-47A1-BC80-5DB8993AAD33}"
EndProject
Global
	GlobalSection(SolutionConfigurationPlatforms) = preSolution
		Debug|Any CPU = Debug|Any CPU
		Release|Any CPU = Release|Any CPU
	EndGlobalSection
	GlobalSection(ProjectConfigurationPlatforms) = postSolution
		{93441479-40AA-4B68-9063-177CB7443EF3}.Debug|Any CPU.ActiveCfg = Debug|Any CPU
		{93441479-40AA-4B68-9063-177CB7443EF3}.Debug|Any CPU.Build.0 = Debug|Any CPU
		{93441479-40AA-4B68-9063-177CB7443EF3}.Release|Any CPU.ActiveCfg = Release|Any CPU
		{93441479-40AA-4B68-9063-177CB7443EF3}.Release|Any CPU.Build.0 = Release|Any CPU
		{DD34D3A1-8930-448D-B391-650CD62B1CE9}.Debug|Any CPU.ActiveCfg = Debug|Any CPU
		{DD34D3A1-8930-448D-B391-650CD62B1CE9}.Debug|Any CPU.Build.0 = Debug|Any CPU
		{DD34D3A1-8930-448D-B391-650CD62B1CE9}.Release|Any CPU.ActiveCfg = Release|Any CPU
		{DD34D3A1-8930-448D-B391-650CD62B1CE9}.Release|Any CPU.Build.0 = Release|Any CPU
		{40E04F02-9C27-4674-AAC3-E049C4A3AA8D}.Debug|Any CPU.ActiveCfg = Debug|Any CPU
		{40E04F02-9C27-4674-AAC3-E049C4A3AA8D}.Debug|Any CPU.Build.0 = Debug|Any CPU
		{40E04F02-9C27-4674-AAC3-E049C4A3AA8D}.Release|Any CPU.ActiveCfg = Release|Any CPU
		{40E04F02-9C27-4674-AAC3-E049C4A3AA8D}.Release|Any CPU.Build.0 = Release|Any CPU
		{984D58BF-912F-46E2-B891-5F7369FE430E}.Debug|Any CPU.ActiveCfg = Debug|Any CPU
		{984D58BF-912F-46E2-B891-5F7369FE430E}.Debug|Any CPU.Build.0 = Debug|Any CPU
		{984D58BF-912F-46E2-B891-5F7369FE430E}.Release|Any CPU.ActiveCfg = Release|Any CPU
		{984D58BF-912F-46E2-B891-5F7369FE430E}.Release|Any CPU.Build.0 = Release|Any CPU
		{045E907A-2385-4CA0-96C0-774A520FBEF6}.Debug|Any CPU.ActiveCfg = Debug|Any CPU
		{045E907A-2385-4CA0-96C0-774A520FBEF6}.Debug|Any CPU.Build.0 = Debug|Any CPU
		{045E907A-2385-4CA0-96C0-774A520FBEF6}.Release|Any CPU.ActiveCfg = Release|Any CPU
		{045E907A-2385-4CA0-96C0-774A520FBEF6}.Release|Any CPU.Build.0 = Release|Any CPU
		{FB5A4BA2-646A-485B-92D2-6CBE4BF933C2}.Debug|Any CPU.ActiveCfg = Debug|Any CPU
		{FB5A4BA2-646A-485B-92D2-6CBE4BF933C2}.Debug|Any CPU.Build.0 = Debug|Any CPU
		{FB5A4BA2-646A-485B-92D2-6CBE4BF933C2}.Release|Any CPU.ActiveCfg = Release|Any CPU
		{FB5A4BA2-646A-485B-92D2-6CBE4BF933C2}.Release|Any CPU.Build.0 = Release|Any CPU
		{16E5904B-47DF-457E-B34A-08AE59064D37}.Debug|Any CPU.ActiveCfg = Debug|Any CPU
		{16E5904B-47DF-457E-B34A-08AE59064D37}.Debug|Any CPU.Build.0 = Debug|Any CPU
		{16E5904B-47DF-457E-B34A-08AE59064D37}.Release|Any CPU.ActiveCfg = Release|Any CPU
		{16E5904B-47DF-457E-B34A-08AE59064D37}.Release|Any CPU.Build.0 = Release|Any CPU
		{DC264D8D-EB31-8C53-70DD-E85834BAFC5B}.Debug|Any CPU.ActiveCfg = Debug|Any CPU
		{DC264D8D-EB31-8C53-70DD-E85834BAFC5B}.Debug|Any CPU.Build.0 = Debug|Any CPU
		{DC264D8D-EB31-8C53-70DD-E85834BAFC5B}.Release|Any CPU.ActiveCfg = Release|Any CPU
		{DC264D8D-EB31-8C53-70DD-E85834BAFC5B}.Release|Any CPU.Build.0 = Release|Any CPU
		{16DFE254-8803-1B1F-1EF2-8CC1B9CC3D98}.Debug|Any CPU.ActiveCfg = Debug|Any CPU
		{16DFE254-8803-1B1F-1EF2-8CC1B9CC3D98}.Debug|Any CPU.Build.0 = Debug|Any CPU
		{16DFE254-8803-1B1F-1EF2-8CC1B9CC3D98}.Release|Any CPU.ActiveCfg = Release|Any CPU
		{16DFE254-8803-1B1F-1EF2-8CC1B9CC3D98}.Release|Any CPU.Build.0 = Release|Any CPU
		{C83027ED-6606-A098-8B14-DE8E45C6A993}.Debug|Any CPU.ActiveCfg = Debug|Any CPU
		{C83027ED-6606-A098-8B14-DE8E45C6A993}.Debug|Any CPU.Build.0 = Debug|Any CPU
		{C83027ED-6606-A098-8B14-DE8E45C6A993}.Release|Any CPU.ActiveCfg = Release|Any CPU
		{C83027ED-6606-A098-8B14-DE8E45C6A993}.Release|Any CPU.Build.0 = Release|Any CPU
		{4B48BE3C-126D-4D7C-BA38-4F57289E8C36}.Debug|Any CPU.ActiveCfg = Debug|Any CPU
		{4B48BE3C-126D-4D7C-BA38-4F57289E8C36}.Debug|Any CPU.Build.0 = Debug|Any CPU
		{4B48BE3C-126D-4D7C-BA38-4F57289E8C36}.Release|Any CPU.ActiveCfg = Release|Any CPU
		{4B48BE3C-126D-4D7C-BA38-4F57289E8C36}.Release|Any CPU.Build.0 = Release|Any CPU
		{0865DEED-96BB-48DD-ADE2-1262426A8CD8}.Debug|Any CPU.ActiveCfg = Debug|Any CPU
		{0865DEED-96BB-48DD-ADE2-1262426A8CD8}.Debug|Any CPU.Build.0 = Debug|Any CPU
		{0865DEED-96BB-48DD-ADE2-1262426A8CD8}.Release|Any CPU.ActiveCfg = Release|Any CPU
		{0865DEED-96BB-48DD-ADE2-1262426A8CD8}.Release|Any CPU.Build.0 = Release|Any CPU
		{D0B4E5A6-428C-47A1-BC80-5DB8993AAD33}.Debug|Any CPU.ActiveCfg = Debug|Any CPU
		{D0B4E5A6-428C-47A1-BC80-5DB8993AAD33}.Debug|Any CPU.Build.0 = Debug|Any CPU
		{D0B4E5A6-428C-47A1-BC80-5DB8993AAD33}.Release|Any CPU.ActiveCfg = Release|Any CPU
		{D0B4E5A6-428C-47A1-BC80-5DB8993AAD33}.Release|Any CPU.Build.0 = Release|Any CPU
	EndGlobalSection
	GlobalSection(SolutionProperties) = preSolution
		HideSolutionNode = FALSE
	EndGlobalSection
	GlobalSection(NestedProjects) = preSolution
		{93441479-40AA-4B68-9063-177CB7443EF3} = {A8DF17A6-9AA5-4DA3-A074-4B26A098E922}
		{DD34D3A1-8930-448D-B391-650CD62B1CE9} = {23CEB55C-819E-4F91-9737-BADBCD66A47F}
		{984D58BF-912F-46E2-B891-5F7369FE430E} = {8868F6D3-0879-4CD0-B234-4ED0B4AD3D68}
		{045E907A-2385-4CA0-96C0-774A520FBEF6} = {746BAD47-26FD-4512-B33D-B4433BFC334D}
		{FB5A4BA2-646A-485B-92D2-6CBE4BF933C2} = {746BAD47-26FD-4512-B33D-B4433BFC334D}
		{16E5904B-47DF-457E-B34A-08AE59064D37} = {A8DF17A6-9AA5-4DA3-A074-4B26A098E922}
		{DC264D8D-EB31-8C53-70DD-E85834BAFC5B} = {23CEB55C-819E-4F91-9737-BADBCD66A47F}
		{16DFE254-8803-1B1F-1EF2-8CC1B9CC3D98} = {23CEB55C-819E-4F91-9737-BADBCD66A47F}
		{C83027ED-6606-A098-8B14-DE8E45C6A993} = {23CEB55C-819E-4F91-9737-BADBCD66A47F}
		{4B48BE3C-126D-4D7C-BA38-4F57289E8C36} = {23CEB55C-819E-4F91-9737-BADBCD66A47F}
		{0865DEED-96BB-48DD-ADE2-1262426A8CD8} = {8868F6D3-0879-4CD0-B234-4ED0B4AD3D68}
		{D0B4E5A6-428C-47A1-BC80-5DB8993AAD33} = {23CEB55C-819E-4F91-9737-BADBCD66A47F}
	EndGlobalSection
	GlobalSection(ExtensibilityGlobals) = postSolution
		SolutionGuid = {8A3B4967-E6A5-43F8-A75A-B10E841EE80D}
	EndGlobalSection
EndGlobal
